
Microsoft Visual Studio Solution File, Format Version 12.00
# Visual Studio Version 17
VisualStudioVersion = 17.10.35013.160
MinimumVisualStudioVersion = 10.0.40219.1
Project("{FAE04EC0-301F-11D3-BF4B-00C04F79EFBC}") = "GestorStock", "GestorStock.csproj", "{93D00556-A866-4D6C-8DD8-053863375BB4}"
EndProject
Project("{FAE04EC0-301F-11D3-BF4B-00C04F79EFBC}") = "GestorStock.Entities", "..\GestorStock.Entities\GestorStock.Entities.csproj", "{37663E80-DA32-483A-A4FC-373C98FEC94E}"
EndProject
Project("{FAE04EC0-301F-11D3-BF4B-00C04F79EFBC}") = "GestorStock.DataEF", "..\GestorStock.DataEF\GestorStock.DataEF.csproj", "{7A671772-8F12-4364-8AD3-AB840F301716}"
EndProject
Project("{FAE04EC0-301F-11D3-BF4B-00C04F79EFBC}") = "GestorStock.Business", "..\GestorStock.Business\GestorStock.Business.csproj", "{68F2C1CD-2594-48B7-BFD0-DBF439EA4E5C}"
EndProject
Project("{FAE04EC0-301F-11D3-BF4B-00C04F79EFBC}") = "GestorStock.Seguridad", "..\GestorStock.Seguridad\GestorStock.Seguridad.csproj", "{D99AFEC9-2A00-4842-8FDC-B0B53E6FCB32}"
EndProject
Global
	GlobalSection(SolutionConfigurationPlatforms) = preSolution
		Debug|Any CPU = Debug|Any CPU
		Release|Any CPU = Release|Any CPU
	EndGlobalSection
	GlobalSection(ProjectConfigurationPlatforms) = postSolution
		{93D00556-A866-4D6C-8DD8-053863375BB4}.Debug|Any CPU.ActiveCfg = Debug|Any CPU
		{93D00556-A866-4D6C-8DD8-053863375BB4}.Debug|Any CPU.Build.0 = Debug|Any CPU
		{93D00556-A866-4D6C-8DD8-053863375BB4}.Release|Any CPU.ActiveCfg = Release|Any CPU
		{93D00556-A866-4D6C-8DD8-053863375BB4}.Release|Any CPU.Build.0 = Release|Any CPU
		{37663E80-DA32-483A-A4FC-373C98FEC94E}.Debug|Any CPU.ActiveCfg = Debug|Any CPU
		{37663E80-DA32-483A-A4FC-373C98FEC94E}.Debug|Any CPU.Build.0 = Debug|Any CPU
		{37663E80-DA32-483A-A4FC-373C98FEC94E}.Release|Any CPU.ActiveCfg = Release|Any CPU
		{37663E80-DA32-483A-A4FC-373C98FEC94E}.Release|Any CPU.Build.0 = Release|Any CPU
		{7A671772-8F12-4364-8AD3-AB840F301716}.Debug|Any CPU.ActiveCfg = Debug|Any CPU
		{7A671772-8F12-4364-8AD3-AB840F301716}.Debug|Any CPU.Build.0 = Debug|Any CPU
		{7A671772-8F12-4364-8AD3-AB840F301716}.Release|Any CPU.ActiveCfg = Release|Any CPU
		{7A671772-8F12-4364-8AD3-AB840F301716}.Release|Any CPU.Build.0 = Release|Any CPU
		{68F2C1CD-2594-48B7-BFD0-DBF439EA4E5C}.Debug|Any CPU.ActiveCfg = Debug|Any CPU
		{68F2C1CD-2594-48B7-BFD0-DBF439EA4E5C}.Debug|Any CPU.Build.0 = Debug|Any CPU
		{68F2C1CD-2594-48B7-BFD0-DBF439EA4E5C}.Release|Any CPU.ActiveCfg = Release|Any CPU
		{68F2C1CD-2594-48B7-BFD0-DBF439EA4E5C}.Release|Any CPU.Build.0 = Release|Any CPU
		{D99AFEC9-2A00-4842-8FDC-B0B53E6FCB32}.Debug|Any CPU.ActiveCfg = Debug|Any CPU
		{D99AFEC9-2A00-4842-8FDC-B0B53E6FCB32}.Debug|Any CPU.Build.0 = Debug|Any CPU
		{D99AFEC9-2A00-4842-8FDC-B0B53E6FCB32}.Release|Any CPU.ActiveCfg = Release|Any CPU
		{D99AFEC9-2A00-4842-8FDC-B0B53E6FCB32}.Release|Any CPU.Build.0 = Release|Any CPU
	EndGlobalSection
	GlobalSection(SolutionProperties) = preSolution
		HideSolutionNode = FALSE
	EndGlobalSection
	GlobalSection(ExtensibilityGlobals) = postSolution
		SolutionGuid = {D701AB19-A83A-46ED-A67F-BE21C69DF7DD}
	EndGlobalSection
EndGlobal
